<Solution>
  <Folder Name="/Solution Items/">
    <File Path="../../README.md" />
  </Folder>
  <Project Path="DemoHelloWorld/DemoHelloWorld.csproj" />
  <Project Path="DemoWinHelloWorld/DemoWinHelloWorld.csproj" />
  <Project Path="Demo_Action/Demo_Action.csproj" />
  <Project Path="Demo_AnonymousMethod/Demo_AnonymousMethod.csproj" Id="a78ef94b-9f33-4d96-8c9e-b2f61c6064bd" />
  <Project Path="Demo_AnonymousType/Demo_AnonymousType.csproj" Id="4837fbb3-1db3-4729-b4ac-ce64ea9f0e6b" />
  <Project Path="Demo_Array/Demo_Array.csproj" Id="e5180e05-f559-44bb-b2a5-d0d9c23f58fa" />
  <Project Path="Demo_ClassHierarchies/Demo_ClassHierarchies.csproj" Id="6745fcae-9dba-40fc-9e21-87a2ef4699a4" />
  <Project Path="Demo_CopyTypes/Demo_CopyTypes.csproj" Id="58524fd4-a11d-4698-aa74-91ce18ab4b3b" />
  <Project Path="Demo_Delegates/Demo_Delegates.csproj" Id="724e0d31-2d95-4503-9fd0-86a79b45a5fe" />
  <Project Path="Demo_Destructor/Demo_Destructor.csproj" Id="1247ceaf-d693-4d6b-b90f-bff5c3560577" />
  <Project Path="Demo_Destructor_DotNet10/Demo_Destructor_DotNet10.csproj" Id="af41d673-cdd4-4b38-9247-9a81d8c55777" />
  <Project Path="Demo_Destructor_IDisposable/Demo_Destructor_IDisposable.csproj" Id="bece7a0d-369a-4f3e-a7fe-28a98c834659" />
  <Project Path="Demo_Event/Demo_Event.csproj" Id="2664c7d4-2595-4bd3-a1f2-686c19f85d75" />
  <Project Path="Demo_Exceptions/Demo_Exceptions.csproj" Id="23f6fd77-4a72-4762-96fc-c6cef9116d42" />
  <Project Path="Demo_Exceptions_ClassLib/Demo_Exceptions_ClassLib.csproj" Id="eb2449a7-efcd-4c00-9161-d59a831adc75" />
  <Project Path="Demo_Extensions/Demo_Extensions.csproj" Id="f5e3578c-36b7-4421-b770-bc5f2c6bf36a" />
  <Project Path="Demo_Func/Demo_Func.csproj" />
  <Project Path="Demo_Generics/Demo_Generics.csproj" Id="e5893d0c-15b9-4d28-9f58-e1186789b809" />
  <Project Path="Demo_IComparable/Demo_IComparable.csproj" Id="6eefbae5-31de-454d-b820-55ff453381d5" />
  <Project Path="Demo_IEnumerable/Demo_IEnumerable.csproj" Id="b94387d2-dd70-4815-8ab6-7099e677e3e8" />
  <Project Path="Demo_IEnumerator/Demo_IEnumerator.csproj" Id="353b64b9-8c83-497d-94ac-3efb208fe632" />
  <Project Path="Demo_Indexer/Demo_Indexer.csproj" Id="9810f862-a6ba-43cd-b46e-fcae1e4fe60a" />
  <Project Path="Demo_Interface/Demo_Interface.csproj" Id="f2a609ff-1fe2-4215-b8e3-4770d1e098b8" />
  <Project Path="Demo_Interface02/Demo_Interface02.csproj" Id="0d3c2dc4-acb8-4164-88de-c75996b614fe" />
  <Project Path="Demo_Interface03/Demo_Interface03.csproj" Id="6a1e122c-7152-4899-b578-bcdad6656b9f" />
  <Project Path="Demo_Linq/Demo_Linq.csproj" Id="3c187f1c-4a3d-4574-8d13-27a331a0bdcf" />
  <Project Path="Demo_ObservableObjects/Demo_ObservableObjects.csproj" Id="f132ce23-321b-48cc-9926-4dd340f9eb09" />
  <Project Path="Demo_Partial/Demo_Partial.csproj" Id="4983962b-a6c1-4c67-a759-bf63d0196300" />
  <Project Path="Demo_PartialMethods/Demo_PartialMethods.csproj" Id="ddea7735-0963-48d2-815a-2ad4b7cc69ad" />
</Solution>
