<Solution>
  <Project Path="DemoHelloWorld/DemoHelloWorld.csproj" />
  <Project Path="DemoWinHelloWorld/DemoWinHelloWorld.csproj" />
  <Project Path="Demo_Array/Demo_Array.csproj" Id="e5180e05-f559-44bb-b2a5-d0d9c23f58fa" />
  <Project Path="Demo_ClassHierarchies/Demo_ClassHierarchies.csproj" Id="6745fcae-9dba-40fc-9e21-87a2ef4699a4" />
  <Project Path="Demo_CopyTypes/Demo_CopyTypes.csproj" Id="58524fd4-a11d-4698-aa74-91ce18ab4b3b" />
  <Project Path="Demo_IComparable/Demo_IComparable.csproj" Id="6eefbae5-31de-454d-b820-55ff453381d5" />
  <Project Path="Demo_IEnumerable/Demo_IEnumerable.csproj" Id="b94387d2-dd70-4815-8ab6-7099e677e3e8" />
  <Project Path="Demo_IEnumerator/Demo_IEnumerator.csproj" Id="353b64b9-8c83-497d-94ac-3efb208fe632" />
  <Project Path="Demo_Indexer/Demo_Indexer.csproj" Id="9810f862-a6ba-43cd-b46e-fcae1e4fe60a" />
  <Project Path="Demo_Interface/Demo_Interface.csproj" Id="f2a609ff-1fe2-4215-b8e3-4770d1e098b8" />
  <Project Path="Demo_Interface02/Demo_Interface02.csproj" Id="0d3c2dc4-acb8-4164-88de-c75996b614fe" />
  <Project Path="Demo_Interface03/Demo_Interface03.csproj" Id="6a1e122c-7152-4899-b578-bcdad6656b9f" />
</Solution>
